<?xml version="1.0" encoding="utf-8"?>
<Project ToolsVersion="4.0" xmlns="http://schemas.microsoft.com/developer/msbuild/2003">
  <ItemGroup>
    <Filter Include="Source Files">
      <UniqueIdentifier>{4FC737F1-C7A5-4376-A066-2A32D752A2FF}</UniqueIdentifier>
      <Extensions>cpp;c;cc;cxx;def;odl;idl;hpj;bat;asm;asmx</Extensions>
    </Filter>
    <Filter Include="Header Files">
      <UniqueIdentifier>{93995380-89BD-4b04-88EB-625FBE52EBFB}</UniqueIdentifier>
      <Extensions>h;hh;hpp;hxx;hm;inl;inc;xsd</Extensions>
    </Filter>
    <Filter Include="Resource Files">
      <UniqueIdentifier>{D9D6E242-F8AF-46E4-B9FD-80ECBC20BA3E}</UniqueIdentifier>
      <Extensions>qrc;*</Extensions>
      <ParseFiles>false</ParseFiles>
    </Filter>
    <Filter Include="Form Files">
      <UniqueIdentifier>{99349809-55BA-4b9d-BF79-8FDBB0286EB3}</UniqueIdentifier>
      <Extensions>ui</Extensions>
    </Filter>
    <Filter Include="Resource Files">
      <UniqueIdentifier>{D9D6E242-F8AF-46E4-B9FD-80ECBC20BA3E}</UniqueIdentifier>
      <Extensions>qrc;*</Extensions>
      <ParseFiles>false</ParseFiles>
    </Filter>
    <Filter Include="Generated Files">
      <UniqueIdentifier>{71ED8ED8-ACB9-4CE9-BBE1-E00B30144E11}</UniqueIdentifier>
      <Extensions>moc;h;cpp</Extensions>
      <SourceControlFiles>False</SourceControlFiles>
    </Filter>
    <Filter Include="Renderer">
      <UniqueIdentifier>{e265eefa-2e99-4089-96da-1edebd3e3ae7}</UniqueIdentifier>
    </Filter>
    <Filter Include="Renderer\View">
      <UniqueIdentifier>{a867bfbe-5a46-4bbc-99e0-1d3345aa4598}</UniqueIdentifier>
    </Filter>
    <Filter Include="Renderer\Controller">
      <UniqueIdentifier>{ee09ee42-2bcc-4b12-8010-ce78bc50fe28}</UniqueIdentifier>
    </Filter>
    <Filter Include="Model">
      <UniqueIdentifier>{834ec745-95f3-4a79-a3a1-9314e8963e6a}</UniqueIdentifier>
    </Filter>
    <Filter Include="Model\Renderer">
      <UniqueIdentifier>{dc3055dc-549f-44ce-b53b-0e39b37f5e62}</UniqueIdentifier>
    </Filter>
    <Filter Include="Model\Field">
      <UniqueIdentifier>{9e925428-7f78-40f7-83f9-d5408a5b3bc6}</UniqueIdentifier>
    </Filter>
    <Filter Include="Model\Shapes">
      <UniqueIdentifier>{c51d0ff2-02f5-491c-bd96-52fc704243a8}</UniqueIdentifier>
    </Filter>
    <Filter Include="Model\Module">
      <UniqueIdentifier>{54d1ed61-aa1e-433f-ac3d-c239f07d7e0d}</UniqueIdentifier>
    </Filter>
  </ItemGroup>
  <ItemGroup>
    <ClCompile Include="main.cpp">
      <Filter>Source Files</Filter>
    </ClCompile>
    <ClCompile Include="WaveSim.cpp">
      <Filter>Source Files</Filter>
    </ClCompile>
    <ClCompile Include="GeneratedFiles\Debug\moc_WaveSim.cpp">
      <Filter>Generated Files</Filter>
    </ClCompile>
    <ClCompile Include="GeneratedFiles\Release\moc_WaveSim.cpp">
      <Filter>Generated Files</Filter>
    </ClCompile>
    <ClCompile Include="GeneratedFiles\qrc_WaveSim.cpp">
      <Filter>Generated Files</Filter>
    </ClCompile>
    <ClCompile Include="GeneratedFiles\Debug\moc_ObjectTreeModel.cpp">
      <Filter>Generated Files</Filter>
    </ClCompile>
    <ClCompile Include="GeneratedFiles\Release\moc_ObjectTreeModel.cpp">
      <Filter>Generated Files</Filter>
    </ClCompile>
    <ClCompile Include="ObjectTreeModel.cpp">
      <Filter>Source Files</Filter>
    </ClCompile>
    <ClCompile Include="TreeItem.cpp">
      <Filter>Source Files</Filter>
    </ClCompile>
    <ClCompile Include="GeneratedFiles\Debug\moc_CalcThread.cpp">
      <Filter>Generated Files</Filter>
    </ClCompile>
    <ClCompile Include="GeneratedFiles\Release\moc_CalcThread.cpp">
      <Filter>Generated Files</Filter>
    </ClCompile>
    <ClCompile Include="GeneratedFiles\Debug\moc_PaintThread.cpp">
      <Filter>Generated Files</Filter>
    </ClCompile>
    <ClCompile Include="GeneratedFiles\Release\moc_PaintThread.cpp">
      <Filter>Generated Files</Filter>
    </ClCompile>
    <ClCompile Include="GeneratedFiles\Debug\moc_RenderController.cpp">
      <Filter>Generated Files</Filter>
    </ClCompile>
    <ClCompile Include="GeneratedFiles\Release\moc_RenderController.cpp">
      <Filter>Generated Files</Filter>
    </ClCompile>
    <ClCompile Include="PaintThread.cpp">
      <Filter>Renderer\View</Filter>
    </ClCompile>
    <ClCompile Include="RenderController.cpp">
      <Filter>Renderer\Controller</Filter>
    </ClCompile>
    <ClCompile Include="LCircle.cpp">
      <Filter>Model\Shapes</Filter>
    </ClCompile>
    <ClCompile Include="LRect.cpp">
      <Filter>Model\Shapes</Filter>
    </ClCompile>
    <ClCompile Include="LShape.cpp">
      <Filter>Model\Shapes</Filter>
    </ClCompile>
    <ClCompile Include="DatabaseRef.cpp">
      <Filter>Model</Filter>
    </ClCompile>
    <ClCompile Include="ShapesModule.cpp">
      <Filter>Model\Module</Filter>
    </ClCompile>
    <ClCompile Include="CalcThread.cpp">
      <Filter>Renderer\Controller</Filter>
    </ClCompile>
    <ClCompile Include="SolverModule.cpp">
      <Filter>Model\Module</Filter>
    </ClCompile>
  </ItemGroup>
  <ItemGroup>
    <CustomBuild Include="WaveSim.h">
      <Filter>Header Files</Filter>
    </CustomBuild>
    <CustomBuild Include="WaveSim.ui">
      <Filter>Form Files</Filter>
    </CustomBuild>
    <CustomBuild Include="WaveSim.qrc">
      <Filter>Resource Files</Filter>
    </CustomBuild>
    <CustomBuild Include="ObjectTreeModel.h">
      <Filter>Header Files</Filter>
    </CustomBuild>
    <CustomBuild Include="PaintThread.h">
      <Filter>Renderer\View</Filter>
    </CustomBuild>
    <CustomBuild Include="RenderController.h">
      <Filter>Renderer\Controller</Filter>
    </CustomBuild>
    <CustomBuild Include="CalcThread.h">
      <Filter>Renderer\Controller</Filter>
    </CustomBuild>
  </ItemGroup>
  <ItemGroup>
    <ClInclude Include="GeneratedFiles\ui_WaveSim.h">
      <Filter>Generated Files</Filter>
    </ClInclude>
    <ClInclude Include="TreeItem.h">
      <Filter>Header Files</Filter>
    </ClInclude>
    <ClInclude Include="values.h">
      <Filter>Model\Renderer</Filter>
    </ClInclude>
    <ClInclude Include="LCircle.h">
      <Filter>Model\Shapes</Filter>
    </ClInclude>
    <ClInclude Include="LRect.h">
      <Filter>Model\Shapes</Filter>
    </ClInclude>
    <ClInclude Include="LShape.h">
      <Filter>Model\Shapes</Filter>
    </ClInclude>
    <ClInclude Include="FieldArray.h">
      <Filter>Model\Field</Filter>
    </ClInclude>
    <ClInclude Include="WaveSolver.h">
      <Filter>Model\Field</Filter>
    </ClInclude>
    <ClInclude Include="Module.h">
      <Filter>Model\Module</Filter>
    </ClInclude>
    <ClInclude Include="ShapesModule.h">
      <Filter>Model\Module</Filter>
    </ClInclude>
    <ClInclude Include="DatabaseRef.h">
      <Filter>Model</Filter>
    </ClInclude>
    <ClInclude Include="SolverModule.h">
      <Filter>Model\Module</Filter>
    </ClInclude>
  </ItemGroup>
  <ItemGroup>
    <Text Include="default.txt">
      <Filter>Resource Files</Filter>
    </Text>
  </ItemGroup>
</Project>